
Microsoft Visual Studio Solution File, Format Version 12.00
# Visual Studio 15
VisualStudioVersion = 15.0.28010.2016
MinimumVisualStudioVersion = 10.0.40219.1
Project("{FAE04EC0-301F-11D3-BF4B-00C04F79EFBC}") = "清單式的內容", "清單式的內容\清單式的內容.csproj", "{2F3AF526-F55B-4E62-8FA2-34C7878BC8DB}"
EndProject
Global
	GlobalSection(SolutionConfigurationPlatforms) = preSolution
		Debug|Any CPU = Debug|Any CPU
		Release|Any CPU = Release|Any CPU
	EndGlobalSection
	GlobalSection(ProjectConfigurationPlatforms) = postSolution
		{2F3AF526-F55B-4E62-8FA2-34C7878BC8DB}.Debug|Any CPU.ActiveCfg = Debug|Any CPU
		{2F3AF526-F55B-4E62-8FA2-34C7878BC8DB}.Debug|Any CPU.Build.0 = Debug|Any CPU
		{2F3AF526-F55B-4E62-8FA2-34C7878BC8DB}.Release|Any CPU.ActiveCfg = Release|Any CPU
		{2F3AF526-F55B-4E62-8FA2-34C7878BC8DB}.Release|Any CPU.Build.0 = Release|Any CPU
	EndGlobalSection
	GlobalSection(SolutionProperties) = preSolution
		HideSolutionNode = FALSE
	EndGlobalSection
	GlobalSection(ExtensibilityGlobals) = postSolution
		SolutionGuid = {2EF939B8-77A1-4829-A297-7FDAEC6F574B}
	EndGlobalSection
EndGlobal
